
Microsoft Visual Studio Solution File, Format Version 12.00
# Visual Studio Version 17
VisualStudioVersion = 17.4.32804.182
MinimumVisualStudioVersion = 10.0.40219.1
Project("{FAE04EC0-301F-11D3-BF4B-00C04F79EFBC}") = "UniteOfWork_Demo", "UniteOfWork_Demo\UniteOfWork_Demo.csproj", "{6BF152D5-D5FC-42F8-80EB-BEF435912628}"
EndProject
Global
	GlobalSection(SolutionConfigurationPlatforms) = preSolution
		Debug|Any CPU = Debug|Any CPU
		Release|Any CPU = Release|Any CPU
	EndGlobalSection
	GlobalSection(ProjectConfigurationPlatforms) = postSolution
		{6BF152D5-D5FC-42F8-80EB-BEF435912628}.Debug|Any CPU.ActiveCfg = Debug|Any CPU
		{6BF152D5-D5FC-42F8-80EB-BEF435912628}.Debug|Any CPU.Build.0 = Debug|Any CPU
		{6BF152D5-D5FC-42F8-80EB-BEF435912628}.Release|Any CPU.ActiveCfg = Release|Any CPU
		{6BF152D5-D5FC-42F8-80EB-BEF435912628}.Release|Any CPU.Build.0 = Release|Any CPU
	EndGlobalSection
	GlobalSection(SolutionProperties) = preSolution
		HideSolutionNode = FALSE
	EndGlobalSection
	GlobalSection(ExtensibilityGlobals) = postSolution
		SolutionGuid = {4120299F-19CE-4B38-9AA7-B4F4E57664F4}
	EndGlobalSection
EndGlobal
